
Microsoft Visual Studio Solution File, Format Version 12.00
# Visual Studio Version 17
VisualStudioVersion = 17.9.34723.18
MinimumVisualStudioVersion = 10.0.40219.1
Project("{FAE04EC0-301F-11D3-BF4B-00C04F79EFBC}") = "PasswordGenerator", "PasswordGenerator\PasswordGenerator.csproj", "{1F7CBD9E-C2BA-46E1-9CB8-530E2A8F0D47}"
EndProject
Global
	GlobalSection(SolutionConfigurationPlatforms) = preSolution
		Debug|Any CPU = Debug|Any CPU
		Release|Any CPU = Release|Any CPU
	EndGlobalSection
	GlobalSection(ProjectConfigurationPlatforms) = postSolution
		{1F7CBD9E-C2BA-46E1-9CB8-530E2A8F0D47}.Debug|Any CPU.ActiveCfg = Debug|Any CPU
		{1F7CBD9E-C2BA-46E1-9CB8-530E2A8F0D47}.Debug|Any CPU.Build.0 = Debug|Any CPU
		{1F7CBD9E-C2BA-46E1-9CB8-530E2A8F0D47}.Release|Any CPU.ActiveCfg = Release|Any CPU
		{1F7CBD9E-C2BA-46E1-9CB8-530E2A8F0D47}.Release|Any CPU.Build.0 = Release|Any CPU
	EndGlobalSection
	GlobalSection(SolutionProperties) = preSolution
		HideSolutionNode = FALSE
	EndGlobalSection
	GlobalSection(ExtensibilityGlobals) = postSolution
		SolutionGuid = {0178EF6D-63DB-45A0-BDF2-88289004FC2D}
	EndGlobalSection
EndGlobal
